
Microsoft Visual Studio Solution File, Format Version 12.00
# Visual Studio Version 17
VisualStudioVersion = 17.0.31903.59
MinimumVisualStudioVersion = 10.0.40219.1
Project("{FAE04EC0-301F-11D3-BF4B-00C04F79EFBC}") = "Reactivities.Api", "Reactivities.Api\Reactivities.Api.csproj", "{DE6147C1-D628-4821-92D3-55C58A1E2A32}"
EndProject
Project("{FAE04EC0-301F-11D3-BF4B-00C04F79EFBC}") = "Reactivities.Application", "Reactivities.Application\Reactivities.Application.csproj", "{B798CC99-5B0F-4116-B587-A3083A0100AB}"
EndProject
Project("{FAE04EC0-301F-11D3-BF4B-00C04F79EFBC}") = "Reactivities.Domain", "Reactivities.Domain\Reactivities.Domain.csproj", "{FED106B1-0C75-4C94-9250-17DBFD67F712}"
EndProject
Project("{FAE04EC0-301F-11D3-BF4B-00C04F79EFBC}") = "Reactivities.Persistence", "Reactivities.Persistence\Reactivities.Persistence.csproj", "{BD1DE2DA-04B8-4030-B156-6A1D4DB67C0D}"
EndProject
Global
	GlobalSection(SolutionConfigurationPlatforms) = preSolution
		Debug|Any CPU = Debug|Any CPU
		Release|Any CPU = Release|Any CPU
	EndGlobalSection
	GlobalSection(SolutionProperties) = preSolution
		HideSolutionNode = FALSE
	EndGlobalSection
	GlobalSection(ProjectConfigurationPlatforms) = postSolution
		{DE6147C1-D628-4821-92D3-55C58A1E2A32}.Debug|Any CPU.ActiveCfg = Debug|Any CPU
		{DE6147C1-D628-4821-92D3-55C58A1E2A32}.Debug|Any CPU.Build.0 = Debug|Any CPU
		{DE6147C1-D628-4821-92D3-55C58A1E2A32}.Release|Any CPU.ActiveCfg = Release|Any CPU
		{DE6147C1-D628-4821-92D3-55C58A1E2A32}.Release|Any CPU.Build.0 = Release|Any CPU
		{B798CC99-5B0F-4116-B587-A3083A0100AB}.Debug|Any CPU.ActiveCfg = Debug|Any CPU
		{B798CC99-5B0F-4116-B587-A3083A0100AB}.Debug|Any CPU.Build.0 = Debug|Any CPU
		{B798CC99-5B0F-4116-B587-A3083A0100AB}.Release|Any CPU.ActiveCfg = Release|Any CPU
		{B798CC99-5B0F-4116-B587-A3083A0100AB}.Release|Any CPU.Build.0 = Release|Any CPU
		{FED106B1-0C75-4C94-9250-17DBFD67F712}.Debug|Any CPU.ActiveCfg = Debug|Any CPU
		{FED106B1-0C75-4C94-9250-17DBFD67F712}.Debug|Any CPU.Build.0 = Debug|Any CPU
		{FED106B1-0C75-4C94-9250-17DBFD67F712}.Release|Any CPU.ActiveCfg = Release|Any CPU
		{FED106B1-0C75-4C94-9250-17DBFD67F712}.Release|Any CPU.Build.0 = Release|Any CPU
		{BD1DE2DA-04B8-4030-B156-6A1D4DB67C0D}.Debug|Any CPU.ActiveCfg = Debug|Any CPU
		{BD1DE2DA-04B8-4030-B156-6A1D4DB67C0D}.Debug|Any CPU.Build.0 = Debug|Any CPU
		{BD1DE2DA-04B8-4030-B156-6A1D4DB67C0D}.Release|Any CPU.ActiveCfg = Release|Any CPU
		{BD1DE2DA-04B8-4030-B156-6A1D4DB67C0D}.Release|Any CPU.Build.0 = Release|Any CPU
	EndGlobalSection
EndGlobal
